// !$*UTF8*$!
{
	archiveVersion = 1;
	classes = {
	};
	objectVersion = 46;
	objects = {

/* Begin PBXBuildFile section */
		2B0869F11FAFFB85008062CF /* TextAutolayoutController.m in Sources */ = {isa = PBXBuildFile; fileRef = 2B0869EF1FAFFB85008062CF /* TextAutolayoutController.m */; };
		2B0869F21FAFFB85008062CF /* TextAutolayoutController.xib in Resources */ = {isa = PBXBuildFile; fileRef = 2B0869F01FAFFB85008062CF /* TextAutolayoutController.xib */; };
		2B426F461F78F062009E70D9 /* TextDemoViewController.m in Sources */ = {isa = PBXBuildFile; fileRef = 2B426F451F78F062009E70D9 /* TextDemoViewController.m */; };
		2B426F491F78F076009E70D9 /* AttributedDemoViewController.m in Sources */ = {isa = PBXBuildFile; fileRef = 2B426F481F78F076009E70D9 /* AttributedDemoViewController.m */; };
		2B426F4C1F78F6ED009E70D9 /* TextListViewController.m in Sources */ = {isa = PBXBuildFile; fileRef = 2B426F4B1F78F6ED009E70D9 /* TextListViewController.m */; };
		2B426F4F1F78F7AE009E70D9 /* TextViewCell.m in Sources */ = {isa = PBXBuildFile; fileRef = 2B426F4E1F78F7AE009E70D9 /* TextViewCell.m */; };
		2B426F551F790A3C009E70D9 /* TYFPSLabel.m in Sources */ = {isa = PBXBuildFile; fileRef = 2B426F511F7909DA009E70D9 /* TYFPSLabel.m */; };
		2B426F561F790A3E009E70D9 /* TYFPSMonitor.m in Sources */ = {isa = PBXBuildFile; fileRef = 2B426F541F7909DB009E70D9 /* TYFPSMonitor.m */; };
		2B426F591F790A8C009E70D9 /* TYWeakProxy.m in Sources */ = {isa = PBXBuildFile; fileRef = 2B426F571F790A8C009E70D9 /* TYWeakProxy.m */; };
		2B48510F1FBD7B230021BB28 /* TYTextView.m in Sources */ = {isa = PBXBuildFile; fileRef = 2B4850FB1FBD7B230021BB28 /* TYTextView.m */; };
		2B4851101FBD7B230021BB28 /* TYLabel.m in Sources */ = {isa = PBXBuildFile; fileRef = 2B4850FE1FBD7B230021BB28 /* TYLabel.m */; };
		2B4851111FBD7B230021BB28 /* TYTextAttribute.m in Sources */ = {isa = PBXBuildFile; fileRef = 2B4851041FBD7B230021BB28 /* TYTextAttribute.m */; };
		2B4851121FBD7B230021BB28 /* TYTextStorage.m in Sources */ = {isa = PBXBuildFile; fileRef = 2B4851061FBD7B230021BB28 /* TYTextStorage.m */; };
		2B4851131FBD7B230021BB28 /* TYTextRender.m in Sources */ = {isa = PBXBuildFile; fileRef = 2B4851071FBD7B230021BB28 /* TYTextRender.m */; };
		2B4851141FBD7B230021BB28 /* TYTextParse.m in Sources */ = {isa = PBXBuildFile; fileRef = 2B4851081FBD7B230021BB28 /* TYTextParse.m */; };
		2B4851151FBD7B230021BB28 /* NSAttributedString+TYText.m in Sources */ = {isa = PBXBuildFile; fileRef = 2B4851091FBD7B230021BB28 /* NSAttributedString+TYText.m */; };
		2B4851161FBD7B230021BB28 /* TYTextAttachment.m in Sources */ = {isa = PBXBuildFile; fileRef = 2B48510A1FBD7B230021BB28 /* TYTextAttachment.m */; };
		2B4851171FBD7B230021BB28 /* TYLayoutManager.m in Sources */ = {isa = PBXBuildFile; fileRef = 2B48510D1FBD7B230021BB28 /* TYLayoutManager.m */; };
		2B48511A1FBD7B510021BB28 /* TYAsyncLayer.m in Sources */ = {isa = PBXBuildFile; fileRef = 2B4851181FBD7B510021BB28 /* TYAsyncLayer.m */; };
		2B49A1221F973B19007E1935 /* ImageTextListViewController.m in Sources */ = {isa = PBXBuildFile; fileRef = 2B49A1211F973B18007E1935 /* ImageTextListViewController.m */; };
		2B49A1361F98593B007E1935 /* TextViewDemoController.xib in Resources */ = {isa = PBXBuildFile; fileRef = 2B49A1331F98593B007E1935 /* TextViewDemoController.xib */; };
		2B49A1371F98593B007E1935 /* TextViewDemoController.m in Sources */ = {isa = PBXBuildFile; fileRef = 2B49A1351F98593B007E1935 /* TextViewDemoController.m */; };
		2B8C4EBF1F628C8F00539B07 /* main.m in Sources */ = {isa = PBXBuildFile; fileRef = 2B8C4EBE1F628C8F00539B07 /* main.m */; };
		2B8C4EC21F628C8F00539B07 /* AppDelegate.m in Sources */ = {isa = PBXBuildFile; fileRef = 2B8C4EC11F628C8F00539B07 /* AppDelegate.m */; };
		2B8C4EC51F628C8F00539B07 /* ViewController.m in Sources */ = {isa = PBXBuildFile; fileRef = 2B8C4EC41F628C8F00539B07 /* ViewController.m */; };
		2B8C4EC81F628C8F00539B07 /* Main.storyboard in Resources */ = {isa = PBXBuildFile; fileRef = 2B8C4EC61F628C8F00539B07 /* Main.storyboard */; };
		2B8C4ECA1F628C8F00539B07 /* Assets.xcassets in Resources */ = {isa = PBXBuildFile; fileRef = 2B8C4EC91F628C8F00539B07 /* Assets.xcassets */; };
		2B8C4ECD1F628C8F00539B07 /* LaunchScreen.storyboard in Resources */ = {isa = PBXBuildFile; fileRef = 2B8C4ECB1F628C8F00539B07 /* LaunchScreen.storyboard */; };
/* End PBXBuildFile section */

/* Begin PBXFileReference section */
		2B0869EE1FAFFB85008062CF /* TextAutolayoutController.h */ = {isa = PBXFileReference; lastKnownFileType = sourcecode.c.h; path = TextAutolayoutController.h; sourceTree = "<group>"; };
		2B0869EF1FAFFB85008062CF /* TextAutolayoutController.m */ = {isa = PBXFileReference; lastKnownFileType = sourcecode.c.objc; path = TextAutolayoutController.m; sourceTree = "<group>"; };
		2B0869F01FAFFB85008062CF /* TextAutolayoutController.xib */ = {isa = PBXFileReference; lastKnownFileType = file.xib; path = TextAutolayoutController.xib; sourceTree = "<group>"; };
		2B426F441F78F062009E70D9 /* TextDemoViewController.h */ = {isa = PBXFileReference; lastKnownFileType = sourcecode.c.h; path = TextDemoViewController.h; sourceTree = "<group>"; };
		2B426F451F78F062009E70D9 /* TextDemoViewController.m */ = {isa = PBXFileReference; lastKnownFileType = sourcecode.c.objc; path = TextDemoViewController.m; sourceTree = "<group>"; };
		2B426F471F78F076009E70D9 /* AttributedDemoViewController.h */ = {isa = PBXFileReference; lastKnownFileType = sourcecode.c.h; path = AttributedDemoViewController.h; sourceTree = "<group>"; };
		2B426F481F78F076009E70D9 /* AttributedDemoViewController.m */ = {isa = PBXFileReference; lastKnownFileType = sourcecode.c.objc; path = AttributedDemoViewController.m; sourceTree = "<group>"; };
		2B426F4A1F78F6ED009E70D9 /* TextListViewController.h */ = {isa = PBXFileReference; lastKnownFileType = sourcecode.c.h; path = TextListViewController.h; sourceTree = "<group>"; };
		2B426F4B1F78F6ED009E70D9 /* TextListViewController.m */ = {isa = PBXFileReference; lastKnownFileType = sourcecode.c.objc; path = TextListViewController.m; sourceTree = "<group>"; };
		2B426F4D1F78F7AE009E70D9 /* TextViewCell.h */ = {isa = PBXFileReference; lastKnownFileType = sourcecode.c.h; path = TextViewCell.h; sourceTree = "<group>"; };
		2B426F4E1F78F7AE009E70D9 /* TextViewCell.m */ = {isa = PBXFileReference; lastKnownFileType = sourcecode.c.objc; path = TextViewCell.m; sourceTree = "<group>"; };
		2B426F511F7909DA009E70D9 /* TYFPSLabel.m */ = {isa = PBXFileReference; lastKnownFileType = sourcecode.c.objc; path = TYFPSLabel.m; sourceTree = "<group>"; };
		2B426F521F7909DA009E70D9 /* TYFPSMonitor.h */ = {isa = PBXFileReference; lastKnownFileType = sourcecode.c.h; path = TYFPSMonitor.h; sourceTree = "<group>"; };
		2B426F531F7909DA009E70D9 /* TYFPSLabel.h */ = {isa = PBXFileReference; lastKnownFileType = sourcecode.c.h; path = TYFPSLabel.h; sourceTree = "<group>"; };
		2B426F541F7909DB009E70D9 /* TYFPSMonitor.m */ = {isa = PBXFileReference; lastKnownFileType = sourcecode.c.objc; path = TYFPSMonitor.m; sourceTree = "<group>"; };
		2B426F571F790A8C009E70D9 /* TYWeakProxy.m */ = {isa = PBXFileReference; lastKnownFileType = sourcecode.c.objc; path = TYWeakProxy.m; sourceTree = "<group>"; };
		2B426F581F790A8C009E70D9 /* TYWeakProxy.h */ = {isa = PBXFileReference; lastKnownFileType = sourcecode.c.h; path = TYWeakProxy.h; sourceTree = "<group>"; };
		2B4850FB1FBD7B230021BB28 /* TYTextView.m */ = {isa = PBXFileReference; fileEncoding = 4; lastKnownFileType = sourcecode.c.objc; path = TYTextView.m; sourceTree = "<group>"; };
		2B4850FC1FBD7B230021BB28 /* TYLabel.h */ = {isa = PBXFileReference; fileEncoding = 4; lastKnownFileType = sourcecode.c.h; path = TYLabel.h; sourceTree = "<group>"; };
		2B4850FD1FBD7B230021BB28 /* TYText.h */ = {isa = PBXFileReference; fileEncoding = 4; lastKnownFileType = sourcecode.c.h; path = TYText.h; sourceTree = "<group>"; };
		2B4850FE1FBD7B230021BB28 /* TYLabel.m */ = {isa = PBXFileReference; fileEncoding = 4; lastKnownFileType = sourcecode.c.objc; path = TYLabel.m; sourceTree = "<group>"; };
		2B4851001FBD7B230021BB28 /* TYTextRender.h */ = {isa = PBXFileReference; fileEncoding = 4; lastKnownFileType = sourcecode.c.h; path = TYTextRender.h; sourceTree = "<group>"; };
		2B4851011FBD7B230021BB28 /* TYTextParse.h */ = {isa = PBXFileReference; fileEncoding = 4; lastKnownFileType = sourcecode.c.h; path = TYTextParse.h; sourceTree = "<group>"; };
		2B4851021FBD7B230021BB28 /* NSAttributedString+TYText.h */ = {isa = PBXFileReference; fileEncoding = 4; lastKnownFileType = sourcecode.c.h; path = "NSAttributedString+TYText.h"; sourceTree = "<group>"; };
		2B4851031FBD7B230021BB28 /* TYLayoutManager.h */ = {isa = PBXFileReference; fileEncoding = 4; lastKnownFileType = sourcecode.c.h; path = TYLayoutManager.h; sourceTree = "<group>"; };
		2B4851041FBD7B230021BB28 /* TYTextAttribute.m */ = {isa = PBXFileReference; fileEncoding = 4; lastKnownFileType = sourcecode.c.objc; path = TYTextAttribute.m; sourceTree = "<group>"; };
		2B4851051FBD7B230021BB28 /* TYTextAttachment.h */ = {isa = PBXFileReference; fileEncoding = 4; lastKnownFileType = sourcecode.c.h; path = TYTextAttachment.h; sourceTree = "<group>"; };
		2B4851061FBD7B230021BB28 /* TYTextStorage.m */ = {isa = PBXFileReference; fileEncoding = 4; lastKnownFileType = sourcecode.c.objc; path = TYTextStorage.m; sourceTree = "<group>"; };
		2B4851071FBD7B230021BB28 /* TYTextRender.m */ = {isa = PBXFileReference; fileEncoding = 4; lastKnownFileType = sourcecode.c.objc; path = TYTextRender.m; sourceTree = "<group>"; };
		2B4851081FBD7B230021BB28 /* TYTextParse.m */ = {isa = PBXFileReference; fileEncoding = 4; lastKnownFileType = sourcecode.c.objc; path = TYTextParse.m; sourceTree = "<group>"; };
		2B4851091FBD7B230021BB28 /* NSAttributedString+TYText.m */ = {isa = PBXFileReference; fileEncoding = 4; lastKnownFileType = sourcecode.c.objc; path = "NSAttributedString+TYText.m"; sourceTree = "<group>"; };
		2B48510A1FBD7B230021BB28 /* TYTextAttachment.m */ = {isa = PBXFileReference; fileEncoding = 4; lastKnownFileType = sourcecode.c.objc; path = TYTextAttachment.m; sourceTree = "<group>"; };
		2B48510B1FBD7B230021BB28 /* TYTextStorage.h */ = {isa = PBXFileReference; fileEncoding = 4; lastKnownFileType = sourcecode.c.h; path = TYTextStorage.h; sourceTree = "<group>"; };
		2B48510C1FBD7B230021BB28 /* TYTextAttribute.h */ = {isa = PBXFileReference; fileEncoding = 4; lastKnownFileType = sourcecode.c.h; path = TYTextAttribute.h; sourceTree = "<group>"; };
		2B48510D1FBD7B230021BB28 /* TYLayoutManager.m */ = {isa = PBXFileReference; fileEncoding = 4; lastKnownFileType = sourcecode.c.objc; path = TYLayoutManager.m; sourceTree = "<group>"; };
		2B48510E1FBD7B230021BB28 /* TYTextView.h */ = {isa = PBXFileReference; fileEncoding = 4; lastKnownFileType = sourcecode.c.h; path = TYTextView.h; sourceTree = "<group>"; };
		2B4851181FBD7B510021BB28 /* TYAsyncLayer.m */ = {isa = PBXFileReference; fileEncoding = 4; lastKnownFileType = sourcecode.c.objc; path = TYAsyncLayer.m; sourceTree = "<group>"; };
		2B4851191FBD7B510021BB28 /* TYAsyncLayer.h */ = {isa = PBXFileReference; fileEncoding = 4; lastKnownFileType = sourcecode.c.h; path = TYAsyncLayer.h; sourceTree = "<group>"; };
		2B49A1201F973B18007E1935 /* ImageTextListViewController.h */ = {isa = PBXFileReference; fileEncoding = 4; lastKnownFileType = sourcecode.c.h; path = ImageTextListViewController.h; sourceTree = "<group>"; };
		2B49A1211F973B18007E1935 /* ImageTextListViewController.m */ = {isa = PBXFileReference; fileEncoding = 4; lastKnownFileType = sourcecode.c.objc; path = ImageTextListViewController.m; sourceTree = "<group>"; };
		2B49A1331F98593B007E1935 /* TextViewDemoController.xib */ = {isa = PBXFileReference; fileEncoding = 4; lastKnownFileType = file.xib; path = TextViewDemoController.xib; sourceTree = "<group>"; };
		2B49A1341F98593B007E1935 /* TextViewDemoController.h */ = {isa = PBXFileReference; fileEncoding = 4; lastKnownFileType = sourcecode.c.h; path = TextViewDemoController.h; sourceTree = "<group>"; };
		2B49A1351F98593B007E1935 /* TextViewDemoController.m */ = {isa = PBXFileReference; fileEncoding = 4; lastKnownFileType = sourcecode.c.objc; path = TextViewDemoController.m; sourceTree = "<group>"; };
		2B8C4EBA1F628C8F00539B07 /* TYTextKitDemo.app */ = {isa = PBXFileReference; explicitFileType = wrapper.application; includeInIndex = 0; path = TYTextKitDemo.app; sourceTree = BUILT_PRODUCTS_DIR; };
		2B8C4EBE1F628C8F00539B07 /* main.m */ = {isa = PBXFileReference; lastKnownFileType = sourcecode.c.objc; path = main.m; sourceTree = "<group>"; };
		2B8C4EC01F628C8F00539B07 /* AppDelegate.h */ = {isa = PBXFileReference; lastKnownFileType = sourcecode.c.h; path = AppDelegate.h; sourceTree = "<group>"; };
		2B8C4EC11F628C8F00539B07 /* AppDelegate.m */ = {isa = PBXFileReference; lastKnownFileType = sourcecode.c.objc; path = AppDelegate.m; sourceTree = "<group>"; };
		2B8C4EC31F628C8F00539B07 /* ViewController.h */ = {isa = PBXFileReference; lastKnownFileType = sourcecode.c.h; path = ViewController.h; sourceTree = "<group>"; };
		2B8C4EC41F628C8F00539B07 /* ViewController.m */ = {isa = PBXFileReference; lastKnownFileType = sourcecode.c.objc; path = ViewController.m; sourceTree = "<group>"; };
		2B8C4EC71F628C8F00539B07 /* Base */ = {isa = PBXFileReference; lastKnownFileType = file.storyboard; name = Base; path = Base.lproj/Main.storyboard; sourceTree = "<group>"; };
		2B8C4EC91F628C8F00539B07 /* Assets.xcassets */ = {isa = PBXFileReference; lastKnownFileType = folder.assetcatalog; path = Assets.xcassets; sourceTree = "<group>"; };
		2B8C4ECC1F628C8F00539B07 /* Base */ = {isa = PBXFileReference; lastKnownFileType = file.storyboard; name = Base; path = Base.lproj/LaunchScreen.storyboard; sourceTree = "<group>"; };
		2B8C4ECE1F628C8F00539B07 /* Info.plist */ = {isa = PBXFileReference; lastKnownFileType = text.plist.xml; path = Info.plist; sourceTree = "<group>"; };
/* End PBXFileReference section */

/* Begin PBXFrameworksBuildPhase section */
		2B8C4EB71F628C8F00539B07 /* Frameworks */ = {
			isa = PBXFrameworksBuildPhase;
			buildActionMask = 2147483647;
			files = (
			);
			runOnlyForDeploymentPostprocessing = 0;
		};
/* End PBXFrameworksBuildPhase section */

/* Begin PBXGroup section */
		2B426F501F7909D4009E70D9 /* Vendor */ = {
			isa = PBXGroup;
			children = (
				2B426F581F790A8C009E70D9 /* TYWeakProxy.h */,
				2B426F571F790A8C009E70D9 /* TYWeakProxy.m */,
				2B426F531F7909DA009E70D9 /* TYFPSLabel.h */,
				2B426F511F7909DA009E70D9 /* TYFPSLabel.m */,
				2B426F521F7909DA009E70D9 /* TYFPSMonitor.h */,
				2B426F541F7909DB009E70D9 /* TYFPSMonitor.m */,
			);
			path = Vendor;
			sourceTree = "<group>";
		};
		2B4850FA1FBD7B230021BB28 /* TYText */ = {
			isa = PBXGroup;
			children = (
				2B4850FD1FBD7B230021BB28 /* TYText.h */,
				2B4850FC1FBD7B230021BB28 /* TYLabel.h */,
				2B4850FE1FBD7B230021BB28 /* TYLabel.m */,
				2B48510E1FBD7B230021BB28 /* TYTextView.h */,
				2B4850FB1FBD7B230021BB28 /* TYTextView.m */,
				2B4851191FBD7B510021BB28 /* TYAsyncLayer.h */,
				2B4851181FBD7B510021BB28 /* TYAsyncLayer.m */,
				2B4850FF1FBD7B230021BB28 /* TextKit */,
			);
			path = TYText;
			sourceTree = "<group>";
		};
		2B4850FF1FBD7B230021BB28 /* TextKit */ = {
			isa = PBXGroup;
			children = (
				2B4851001FBD7B230021BB28 /* TYTextRender.h */,
				2B4851071FBD7B230021BB28 /* TYTextRender.m */,
				2B48510B1FBD7B230021BB28 /* TYTextStorage.h */,
				2B4851061FBD7B230021BB28 /* TYTextStorage.m */,
				2B4851031FBD7B230021BB28 /* TYLayoutManager.h */,
				2B48510D1FBD7B230021BB28 /* TYLayoutManager.m */,
				2B4851051FBD7B230021BB28 /* TYTextAttachment.h */,
				2B48510A1FBD7B230021BB28 /* TYTextAttachment.m */,
				2B48510C1FBD7B230021BB28 /* TYTextAttribute.h */,
				2B4851041FBD7B230021BB28 /* TYTextAttribute.m */,
				2B4851011FBD7B230021BB28 /* TYTextParse.h */,
				2B4851081FBD7B230021BB28 /* TYTextParse.m */,
				2B4851021FBD7B230021BB28 /* NSAttributedString+TYText.h */,
				2B4851091FBD7B230021BB28 /* NSAttributedString+TYText.m */,
			);
			path = TextKit;
			sourceTree = "<group>";
		};
		2B8C4EB11F628C8F00539B07 = {
			isa = PBXGroup;
			children = (
				2B8C4EBC1F628C8F00539B07 /* TYTextKitDemo */,
				2B8C4EBB1F628C8F00539B07 /* Products */,
			);
			sourceTree = "<group>";
		};
		2B8C4EBB1F628C8F00539B07 /* Products */ = {
			isa = PBXGroup;
			children = (
				2B8C4EBA1F628C8F00539B07 /* TYTextKitDemo.app */,
			);
			name = Products;
			sourceTree = "<group>";
		};
		2B8C4EBC1F628C8F00539B07 /* TYTextKitDemo */ = {
			isa = PBXGroup;
			children = (
				2B4850FA1FBD7B230021BB28 /* TYText */,
				2B8C4EC01F628C8F00539B07 /* AppDelegate.h */,
				2B8C4EC11F628C8F00539B07 /* AppDelegate.m */,
				2B8C4EC31F628C8F00539B07 /* ViewController.h */,
				2B8C4EC41F628C8F00539B07 /* ViewController.m */,
				2B426F441F78F062009E70D9 /* TextDemoViewController.h */,
				2B426F451F78F062009E70D9 /* TextDemoViewController.m */,
				2B426F471F78F076009E70D9 /* AttributedDemoViewController.h */,
				2B426F481F78F076009E70D9 /* AttributedDemoViewController.m */,
				2B0869EE1FAFFB85008062CF /* TextAutolayoutController.h */,
				2B0869EF1FAFFB85008062CF /* TextAutolayoutController.m */,
				2B0869F01FAFFB85008062CF /* TextAutolayoutController.xib */,
				2B426F4A1F78F6ED009E70D9 /* TextListViewController.h */,
				2B426F4B1F78F6ED009E70D9 /* TextListViewController.m */,
				2B49A1201F973B18007E1935 /* ImageTextListViewController.h */,
				2B49A1211F973B18007E1935 /* ImageTextListViewController.m */,
				2B49A1341F98593B007E1935 /* TextViewDemoController.h */,
				2B49A1351F98593B007E1935 /* TextViewDemoController.m */,
				2B49A1331F98593B007E1935 /* TextViewDemoController.xib */,
				2B426F4D1F78F7AE009E70D9 /* TextViewCell.h */,
				2B426F4E1F78F7AE009E70D9 /* TextViewCell.m */,
				2B426F501F7909D4009E70D9 /* Vendor */,
				2B8C4EC61F628C8F00539B07 /* Main.storyboard */,
				2B8C4EC91F628C8F00539B07 /* Assets.xcassets */,
				2B8C4ECB1F628C8F00539B07 /* LaunchScreen.storyboard */,
				2B8C4ECE1F628C8F00539B07 /* Info.plist */,
				2B8C4EBD1F628C8F00539B07 /* Supporting Files */,
			);
			path = TYTextKitDemo;
			sourceTree = "<group>";
		};
		2B8C4EBD1F628C8F00539B07 /* Supporting Files */ = {
			isa = PBXGroup;
			children = (
				2B8C4EBE1F628C8F00539B07 /* main.m */,
			);
			name = "Supporting Files";
			sourceTree = "<group>";
		};
/* End PBXGroup section */

/* Begin PBXNativeTarget section */
		2B8C4EB91F628C8F00539B07 /* TYTextKitDemo */ = {
			isa = PBXNativeTarget;
			buildConfigurationList = 2B8C4ED11F628C8F00539B07 /* Build configuration list for PBXNativeTarget "TYTextKitDemo" */;
			buildPhases = (
				2B8C4EB61F628C8F00539B07 /* Sources */,
				2B8C4EB71F628C8F00539B07 /* Frameworks */,
				2B8C4EB81F628C8F00539B07 /* Resources */,
			);
			buildRules = (
			);
			dependencies = (
			);
			name = TYTextKitDemo;
			productName = TYTextKitDemo;
			productReference = 2B8C4EBA1F628C8F00539B07 /* TYTextKitDemo.app */;
			productType = "com.apple.product-type.application";
		};
/* End PBXNativeTarget section */

/* Begin PBXProject section */
		2B8C4EB21F628C8F00539B07 /* Project object */ = {
			isa = PBXProject;
			attributes = {
				LastUpgradeCheck = 0900;
				ORGANIZATIONNAME = tany;
				TargetAttributes = {
					2B8C4EB91F628C8F00539B07 = {
						CreatedOnToolsVersion = 8.3.3;
						DevelopmentTeam = ZW52Q3KXX4;
						ProvisioningStyle = Automatic;
					};
				};
			};
			buildConfigurationList = 2B8C4EB51F628C8F00539B07 /* Build configuration list for PBXProject "TYTextKitDemo" */;
			compatibilityVersion = "Xcode 3.2";
			developmentRegion = English;
			hasScannedForEncodings = 0;
			knownRegions = (
				en,
				Base,
			);
			mainGroup = 2B8C4EB11F628C8F00539B07;
			productRefGroup = 2B8C4EBB1F628C8F00539B07 /* Products */;
			projectDirPath = "";
			projectRoot = "";
			targets = (
				2B8C4EB91F628C8F00539B07 /* TYTextKitDemo */,
			);
		};
/* End PBXProject section */

/* Begin PBXResourcesBuildPhase section */
		2B8C4EB81F628C8F00539B07 /* Resources */ = {
			isa = PBXResourcesBuildPhase;
			buildActionMask = 2147483647;
			files = (
				2B49A1361F98593B007E1935 /* TextViewDemoController.xib in Resources */,
				2B8C4ECD1F628C8F00539B07 /* LaunchScreen.storyboard in Resources */,
				2B0869F21FAFFB85008062CF /* TextAutolayoutController.xib in Resources */,
				2B8C4ECA1F628C8F00539B07 /* Assets.xcassets in Resources */,
				2B8C4EC81F628C8F00539B07 /* Main.storyboard in Resources */,
			);
			runOnlyForDeploymentPostprocessing = 0;
		};
/* End PBXResourcesBuildPhase section */

/* Begin PBXSourcesBuildPhase section */
		2B8C4EB61F628C8F00539B07 /* Sources */ = {
			isa = PBXSourcesBuildPhase;
			buildActionMask = 2147483647;
			files = (
				2B8C4EC51F628C8F00539B07 /* ViewController.m in Sources */,
				2B426F461F78F062009E70D9 /* TextDemoViewController.m in Sources */,
				2B4851111FBD7B230021BB28 /* TYTextAttribute.m in Sources */,
				2B0869F11FAFFB85008062CF /* TextAutolayoutController.m in Sources */,
				2B426F4C1F78F6ED009E70D9 /* TextListViewController.m in Sources */,
				2B4851101FBD7B230021BB28 /* TYLabel.m in Sources */,
				2B426F561F790A3E009E70D9 /* TYFPSMonitor.m in Sources */,
				2B48511A1FBD7B510021BB28 /* TYAsyncLayer.m in Sources */,
				2B8C4EC21F628C8F00539B07 /* AppDelegate.m in Sources */,
				2B4851121FBD7B230021BB28 /* TYTextStorage.m in Sources */,
				2B8C4EBF1F628C8F00539B07 /* main.m in Sources */,
				2B4851161FBD7B230021BB28 /* TYTextAttachment.m in Sources */,
				2B426F491F78F076009E70D9 /* AttributedDemoViewController.m in Sources */,
				2B4851151FBD7B230021BB28 /* NSAttributedString+TYText.m in Sources */,
				2B49A1371F98593B007E1935 /* TextViewDemoController.m in Sources */,
				2B4851171FBD7B230021BB28 /* TYLayoutManager.m in Sources */,
				2B49A1221F973B19007E1935 /* ImageTextListViewController.m in Sources */,
				2B48510F1FBD7B230021BB28 /* TYTextView.m in Sources */,
				2B426F4F1F78F7AE009E70D9 /* TextViewCell.m in Sources */,
				2B4851141FBD7B230021BB28 /* TYTextParse.m in Sources */,
				2B4851131FBD7B230021BB28 /* TYTextRender.m in Sources */,
				2B426F551F790A3C009E70D9 /* TYFPSLabel.m in Sources */,
				2B426F591F790A8C009E70D9 /* TYWeakProxy.m in Sources */,
			);
			runOnlyForDeploymentPostprocessing = 0;
		};
/* End PBXSourcesBuildPhase section */

/* Begin PBXVariantGroup section */
		2B8C4EC61F628C8F00539B07 /* Main.storyboard */ = {
			isa = PBXVariantGroup;
			children = (
				2B8C4EC71F628C8F00539B07 /* Base */,
			);
			name = Main.storyboard;
			sourceTree = "<group>";
		};
		2B8C4ECB1F628C8F00539B07 /* LaunchScreen.storyboard */ = {
			isa = PBXVariantGroup;
			children = (
				2B8C4ECC1F628C8F00539B07 /* Base */,
			);
			name = LaunchScreen.storyboard;
			sourceTree = "<group>";
		};
/* End PBXVariantGroup section */

/* Begin XCBuildConfiguration section */
		2B8C4ECF1F628C8F00539B07 /* Debug */ = {
			isa = XCBuildConfiguration;
			buildSettings = {
				ALWAYS_SEARCH_USER_PATHS = NO;
				CLANG_ANALYZER_NONNULL = YES;
				CLANG_ANALYZER_NUMBER_OBJECT_CONVERSION = YES_AGGRESSIVE;
				CLANG_CXX_LANGUAGE_STANDARD = "gnu++0x";
				CLANG_CXX_LIBRARY = "libc++";
				CLANG_ENABLE_MODULES = YES;
				CLANG_ENABLE_OBJC_ARC = YES;
				CLANG_WARN_BLOCK_CAPTURE_AUTORELEASING = YES;
				CLANG_WARN_BOOL_CONVERSION = YES;
				CLANG_WARN_COMMA = YES;
				CLANG_WARN_CONSTANT_CONVERSION = YES;
				CLANG_WARN_DIRECT_OBJC_ISA_USAGE = YES_ERROR;
				CLANG_WARN_DOCUMENTATION_COMMENTS = YES;
				CLANG_WARN_EMPTY_BODY = YES;
				CLANG_WARN_ENUM_CONVERSION = YES;
				CLANG_WARN_INFINITE_RECURSION = YES;
				CLANG_WARN_INT_CONVERSION = YES;
				CLANG_WARN_NON_LITERAL_NULL_CONVERSION = YES;
				CLANG_WARN_OBJC_LITERAL_CONVERSION = YES;
				CLANG_WARN_OBJC_ROOT_CLASS = YES_ERROR;
				CLANG_WARN_RANGE_LOOP_ANALYSIS = YES;
				CLANG_WARN_STRICT_PROTOTYPES = YES;
				CLANG_WARN_SUSPICIOUS_MOVE = YES;
				CLANG_WARN_UNREACHABLE_CODE = YES;
				CLANG_WARN__DUPLICATE_METHOD_MATCH = YES;
				"CODE_SIGN_IDENTITY[sdk=iphoneos*]" = "iPhone Developer";
				COPY_PHASE_STRIP = NO;
				DEBUG_INFORMATION_FORMAT = dwarf;
				ENABLE_STRICT_OBJC_MSGSEND = YES;
				ENABLE_TESTABILITY = YES;
				GCC_C_LANGUAGE_STANDARD = gnu99;
				GCC_DYNAMIC_NO_PIC = NO;
				GCC_NO_COMMON_BLOCKS = YES;
				GCC_OPTIMIZATION_LEVEL = 0;
				GCC_PREPROCESSOR_DEFINITIONS = (
					"DEBUG=1",
					"$(inherited)",
				);
				GCC_WARN_64_TO_32_BIT_CONVERSION = YES;
				GCC_WARN_ABOUT_RETURN_TYPE = YES_ERROR;
				GCC_WARN_UNDECLARED_SELECTOR = YES;
				GCC_WARN_UNINITIALIZED_AUTOS = YES_AGGRESSIVE;
				GCC_WARN_UNUSED_FUNCTION = YES;
				GCC_WARN_UNUSED_VARIABLE = YES;
				IPHONEOS_DEPLOYMENT_TARGET = 8.0;
				MTL_ENABLE_DEBUG_INFO = YES;
				ONLY_ACTIVE_ARCH = YES;
				SDKROOT = iphoneos;
				TARGETED_DEVICE_FAMILY = "1,2";
			};
			name = Debug;
		};
		2B8C4ED01F628C8F00539B07 /* Release */ = {
			isa = XCBuildConfiguration;
			buildSettings = {
				ALWAYS_SEARCH_USER_PATHS = NO;
				CLANG_ANALYZER_NONNULL = YES;
				CLANG_ANALYZER_NUMBER_OBJECT_CONVERSION = YES_AGGRESSIVE;
				CLANG_CXX_LANGUAGE_STANDARD = "gnu++0x";
				CLANG_CXX_LIBRARY = "libc++";
				CLANG_ENABLE_MODULES = YES;
				CLANG_ENABLE_OBJC_ARC = YES;
				CLANG_WARN_BLOCK_CAPTURE_AUTORELEASING = YES;
				CLANG_WARN_BOOL_CONVERSION = YES;
				CLANG_WARN_COMMA = YES;
				CLANG_WARN_CONSTANT_CONVERSION = YES;
				CLANG_WARN_DIRECT_OBJC_ISA_USAGE = YES_ERROR;
				CLANG_WARN_DOCUMENTATION_COMMENTS = YES;
				CLANG_WARN_EMPTY_BODY = YES;
				CLANG_WARN_ENUM_CONVERSION = YES;
				CLANG_WARN_INFINITE_RECURSION = YES;
				CLANG_WARN_INT_CONVERSION = YES;
				CLANG_WARN_NON_LITERAL_NULL_CONVERSION = YES;
				CLANG_WARN_OBJC_LITERAL_CONVERSION = YES;
				CLANG_WARN_OBJC_ROOT_CLASS = YES_ERROR;
				CLANG_WARN_RANGE_LOOP_ANALYSIS = YES;
				CLANG_WARN_STRICT_PROTOTYPES = YES;
				CLANG_WARN_SUSPICIOUS_MOVE = YES;
				CLANG_WARN_UNREACHABLE_CODE = YES;
				CLANG_WARN__DUPLICATE_METHOD_MATCH = YES;
				"CODE_SIGN_IDENTITY[sdk=iphoneos*]" = "iPhone Developer";
				COPY_PHASE_STRIP = NO;
				DEBUG_INFORMATION_FORMAT = "dwarf-with-dsym";
				ENABLE_NS_ASSERTIONS = NO;
				ENABLE_STRICT_OBJC_MSGSEND = YES;
				GCC_C_LANGUAGE_STANDARD = gnu99;
				GCC_NO_COMMON_BLOCKS = YES;
				GCC_WARN_64_TO_32_BIT_CONVERSION = YES;
				GCC_WARN_ABOUT_RETURN_TYPE = YES_ERROR;
				GCC_WARN_UNDECLARED_SELECTOR = YES;
				GCC_WARN_UNINITIALIZED_AUTOS = YES_AGGRESSIVE;
				GCC_WARN_UNUSED_FUNCTION = YES;
				GCC_WARN_UNUSED_VARIABLE = YES;
				IPHONEOS_DEPLOYMENT_TARGET = 8.0;
				MTL_ENABLE_DEBUG_INFO = NO;
				SDKROOT = iphoneos;
				TARGETED_DEVICE_FAMILY = "1,2";
				VALIDATE_PRODUCT = YES;
			};
			name = Release;
		};
		2B8C4ED21F628C8F00539B07 /* Debug */ = {
			isa = XCBuildConfiguration;
			buildSettings = {
				ASSETCATALOG_COMPILER_APPICON_NAME = AppIcon;
				DEVELOPMENT_TEAM = ZW52Q3KXX4;
				INFOPLIST_FILE = TYTextKitDemo/Info.plist;
				IPHONEOS_DEPLOYMENT_TARGET = 7.0;
				LD_RUNPATH_SEARCH_PATHS = "$(inherited) @executable_path/Frameworks";
				PRODUCT_BUNDLE_IDENTIFIER = com.tany.TYTextKitDemo6;
				PRODUCT_NAME = "$(TARGET_NAME)";
			};
			name = Debug;
		};
		2B8C4ED31F628C8F00539B07 /* Release */ = {
			isa = XCBuildConfiguration;
			buildSettings = {
				ASSETCATALOG_COMPILER_APPICON_NAME = AppIcon;
				DEVELOPMENT_TEAM = ZW52Q3KXX4;
				INFOPLIST_FILE = TYTextKitDemo/Info.plist;
				IPHONEOS_DEPLOYMENT_TARGET = 7.0;
				LD_RUNPATH_SEARCH_PATHS = "$(inherited) @executable_path/Frameworks";
				PRODUCT_BUNDLE_IDENTIFIER = com.tany.TYTextKitDemo6;
				PRODUCT_NAME = "$(TARGET_NAME)";
			};
			name = Release;
		};
/* End XCBuildConfiguration section */

/* Begin XCConfigurationList section */
		2B8C4EB51F628C8F00539B07 /* Build configuration list for PBXProject "TYTextKitDemo" */ = {
			isa = XCConfigurationList;
			buildConfigurations = (
				2B8C4ECF1F628C8F00539B07 /* Debug */,
				2B8C4ED01F628C8F00539B07 /* Release */,
			);
			defaultConfigurationIsVisible = 0;
			defaultConfigurationName = Release;
		};
		2B8C4ED11F628C8F00539B07 /* Build configuration list for PBXNativeTarget "TYTextKitDemo" */ = {
			isa = XCConfigurationList;
			buildConfigurations = (
				2B8C4ED21F628C8F00539B07 /* Debug */,
				2B8C4ED31F628C8F00539B07 /* Release */,
			);
			defaultConfigurationIsVisible = 0;
			defaultConfigurationName = Release;
		};
/* End XCConfigurationList section */
	};
	rootObject = 2B8C4EB21F628C8F00539B07 /* Project object */;
}
